// !$*UTF8*$!
{
	archiveVersion = 1;
	classes = {
	};
	objectVersion = 55;
	objects = {

/* Begin PBXBuildFile section */
		2376A476274426C800ECB3B6 /* AppDelegate.swift in Sources */ = {isa = PBXBuildFile; fileRef = 2376A475274426C800ECB3B6 /* AppDelegate.swift */; };
		2376A478274426C800ECB3B6 /* SceneDelegate.swift in Sources */ = {isa = PBXBuildFile; fileRef = 2376A477274426C800ECB3B6 /* SceneDelegate.swift */; };
		2376A47A274426C800ECB3B6 /* ViewController.swift in Sources */ = {isa = PBXBuildFile; fileRef = 2376A479274426C800ECB3B6 /* ViewController.swift */; };
		2376A480274426C800ECB3B6 /* Nano7App.xcdatamodeld in Sources */ = {isa = PBXBuildFile; fileRef = 2376A47E274426C800ECB3B6 /* Nano7App.xcdatamodeld */; };
		2376A482274426C900ECB3B6 /* Assets.xcassets in Resources */ = {isa = PBXBuildFile; fileRef = 2376A481274426C900ECB3B6 /* Assets.xcassets */; };
		2376A485274426C900ECB3B6 /* LaunchScreen.storyboard in Resources */ = {isa = PBXBuildFile; fileRef = 2376A483274426C900ECB3B6 /* LaunchScreen.storyboard */; };
		2376A48E2744354C00ECB3B6 /* IssAPI.swift in Sources */ = {isa = PBXBuildFile; fileRef = 2376A48D2744354C00ECB3B6 /* IssAPI.swift */; };
		2376A4942746CFB800ECB3B6 /* Satellite.swift in Sources */ = {isa = PBXBuildFile; fileRef = 2376A4932746CFB800ECB3B6 /* Satellite.swift */; };
		2376A4962746D01000ECB3B6 /* IssLocation.swift in Sources */ = {isa = PBXBuildFile; fileRef = 2376A4952746D01000ECB3B6 /* IssLocation.swift */; };
		2376A4992746D06900ECB3B6 /* Date+CurrentMillis.swift in Sources */ = {isa = PBXBuildFile; fileRef = 2376A4982746D06900ECB3B6 /* Date+CurrentMillis.swift */; };
		6F40F08627457A3C00F74258 /* TabBar.swift in Sources */ = {isa = PBXBuildFile; fileRef = 6F40F08527457A3C00F74258 /* TabBar.swift */; };
		6F40F088274582D600F74258 /* FavoritosViewController.swift in Sources */ = {isa = PBXBuildFile; fileRef = 6F40F087274582D600F74258 /* FavoritosViewController.swift */; };
		6F40F08A2745832800F74258 /* ConfiguracaoViewController.swift in Sources */ = {isa = PBXBuildFile; fileRef = 6F40F0892745832800F74258 /* ConfiguracaoViewController.swift */; };
		6F40F08D2745977300F74258 /* ConfiguracaoView.swift in Sources */ = {isa = PBXBuildFile; fileRef = 6F40F08C2745977300F74258 /* ConfiguracaoView.swift */; };
/* End PBXBuildFile section */

/* Begin PBXFileReference section */
		2376A472274426C800ECB3B6 /* Nano7App.app */ = {isa = PBXFileReference; explicitFileType = wrapper.application; includeInIndex = 0; path = Nano7App.app; sourceTree = BUILT_PRODUCTS_DIR; };
		2376A475274426C800ECB3B6 /* AppDelegate.swift */ = {isa = PBXFileReference; lastKnownFileType = sourcecode.swift; path = AppDelegate.swift; sourceTree = "<group>"; };
		2376A477274426C800ECB3B6 /* SceneDelegate.swift */ = {isa = PBXFileReference; lastKnownFileType = sourcecode.swift; path = SceneDelegate.swift; sourceTree = "<group>"; };
		2376A479274426C800ECB3B6 /* ViewController.swift */ = {isa = PBXFileReference; lastKnownFileType = sourcecode.swift; path = ViewController.swift; sourceTree = "<group>"; };
		2376A47F274426C800ECB3B6 /* Nano7App.xcdatamodel */ = {isa = PBXFileReference; lastKnownFileType = wrapper.xcdatamodel; path = Nano7App.xcdatamodel; sourceTree = "<group>"; };
		2376A481274426C900ECB3B6 /* Assets.xcassets */ = {isa = PBXFileReference; lastKnownFileType = folder.assetcatalog; path = Assets.xcassets; sourceTree = "<group>"; };
		2376A484274426C900ECB3B6 /* Base */ = {isa = PBXFileReference; lastKnownFileType = file.storyboard; name = Base; path = Base.lproj/LaunchScreen.storyboard; sourceTree = "<group>"; };
		2376A486274426C900ECB3B6 /* Info.plist */ = {isa = PBXFileReference; lastKnownFileType = text.plist.xml; path = Info.plist; sourceTree = "<group>"; };
		2376A48D2744354C00ECB3B6 /* IssAPI.swift */ = {isa = PBXFileReference; lastKnownFileType = sourcecode.swift; path = IssAPI.swift; sourceTree = "<group>"; };
		2376A4932746CFB800ECB3B6 /* Satellite.swift */ = {isa = PBXFileReference; lastKnownFileType = sourcecode.swift; path = Satellite.swift; sourceTree = "<group>"; };
		2376A4952746D01000ECB3B6 /* IssLocation.swift */ = {isa = PBXFileReference; lastKnownFileType = sourcecode.swift; path = IssLocation.swift; sourceTree = "<group>"; };
		2376A4982746D06900ECB3B6 /* Date+CurrentMillis.swift */ = {isa = PBXFileReference; lastKnownFileType = sourcecode.swift; path = "Date+CurrentMillis.swift"; sourceTree = "<group>"; };
		6F40F08527457A3C00F74258 /* TabBar.swift */ = {isa = PBXFileReference; lastKnownFileType = sourcecode.swift; path = TabBar.swift; sourceTree = "<group>"; };
		6F40F087274582D600F74258 /* FavoritosViewController.swift */ = {isa = PBXFileReference; lastKnownFileType = sourcecode.swift; path = FavoritosViewController.swift; sourceTree = "<group>"; };
		6F40F0892745832800F74258 /* ConfiguracaoViewController.swift */ = {isa = PBXFileReference; lastKnownFileType = sourcecode.swift; path = ConfiguracaoViewController.swift; sourceTree = "<group>"; };
		6F40F08C2745977300F74258 /* ConfiguracaoView.swift */ = {isa = PBXFileReference; lastKnownFileType = sourcecode.swift; path = ConfiguracaoView.swift; sourceTree = "<group>"; };
/* End PBXFileReference section */

/* Begin PBXFrameworksBuildPhase section */
		2376A46F274426C800ECB3B6 /* Frameworks */ = {
			isa = PBXFrameworksBuildPhase;
			buildActionMask = 2147483647;
			files = (
			);
			runOnlyForDeploymentPostprocessing = 0;
		};
/* End PBXFrameworksBuildPhase section */

/* Begin PBXGroup section */
		2376A469274426C700ECB3B6 = {
			isa = PBXGroup;
			children = (
				2376A474274426C800ECB3B6 /* Nano7App */,
				2376A473274426C800ECB3B6 /* Products */,
			);
			sourceTree = "<group>";
		};
		2376A473274426C800ECB3B6 /* Products */ = {
			isa = PBXGroup;
			children = (
				2376A472274426C800ECB3B6 /* Nano7App.app */,
			);
			name = Products;
			sourceTree = "<group>";
		};
		2376A474274426C800ECB3B6 /* Nano7App */ = {
			isa = PBXGroup;
			children = (
				2376A4972746D03900ECB3B6 /* Extensions */,
				2376A4922746CFA400ECB3B6 /* Models */,
				6F40F08B2745975700F74258 /* View */,
				6F40F084274579FF00F74258 /* Controller */,
				2376A48C274434FE00ECB3B6 /* Utilities */,
				2376A475274426C800ECB3B6 /* AppDelegate.swift */,
				2376A477274426C800ECB3B6 /* SceneDelegate.swift */,
				2376A479274426C800ECB3B6 /* ViewController.swift */,
				2376A481274426C900ECB3B6 /* Assets.xcassets */,
				2376A483274426C900ECB3B6 /* LaunchScreen.storyboard */,
				2376A486274426C900ECB3B6 /* Info.plist */,
				2376A47E274426C800ECB3B6 /* Nano7App.xcdatamodeld */,
			);
			path = Nano7App;
			sourceTree = "<group>";
		};
		2376A48C274434FE00ECB3B6 /* Utilities */ = {
			isa = PBXGroup;
			children = (
				2376A48D2744354C00ECB3B6 /* IssAPI.swift */,
			);
			path = Utilities;
			sourceTree = "<group>";
		};
		2376A4922746CFA400ECB3B6 /* Models */ = {
			isa = PBXGroup;
			children = (
				2376A4932746CFB800ECB3B6 /* Satellite.swift */,
				2376A4952746D01000ECB3B6 /* IssLocation.swift */,
			);
			path = Models;
			sourceTree = "<group>";
		};
		2376A4972746D03900ECB3B6 /* Extensions */ = {
			isa = PBXGroup;
			children = (
				2376A4982746D06900ECB3B6 /* Date+CurrentMillis.swift */,
			);
			path = Extensions;
			sourceTree = "<group>";
		};
		6F40F084274579FF00F74258 /* Controller */ = {
			isa = PBXGroup;
			children = (
				6F40F08527457A3C00F74258 /* TabBar.swift */,
				6F40F087274582D600F74258 /* FavoritosViewController.swift */,
				6F40F0892745832800F74258 /* ConfiguracaoViewController.swift */,
			);
			path = Controller;
			sourceTree = "<group>";
		};
		6F40F08B2745975700F74258 /* View */ = {
			isa = PBXGroup;
			children = (
				6F40F08C2745977300F74258 /* ConfiguracaoView.swift */,
			);
			path = View;
			sourceTree = "<group>";
		};
/* End PBXGroup section */

/* Begin PBXNativeTarget section */
		2376A471274426C800ECB3B6 /* Nano7App */ = {
			isa = PBXNativeTarget;
			buildConfigurationList = 2376A489274426C900ECB3B6 /* Build configuration list for PBXNativeTarget "Nano7App" */;
			buildPhases = (
				2376A46E274426C800ECB3B6 /* Sources */,
				2376A46F274426C800ECB3B6 /* Frameworks */,
				2376A470274426C800ECB3B6 /* Resources */,
			);
			buildRules = (
			);
			dependencies = (
			);
			name = Nano7App;
			productName = Nano7App;
			productReference = 2376A472274426C800ECB3B6 /* Nano7App.app */;
			productType = "com.apple.product-type.application";
		};
/* End PBXNativeTarget section */

/* Begin PBXProject section */
		2376A46A274426C700ECB3B6 /* Project object */ = {
			isa = PBXProject;
			attributes = {
				BuildIndependentTargetsInParallel = 1;
				LastSwiftUpdateCheck = 1310;
				LastUpgradeCheck = 1310;
				TargetAttributes = {
					2376A471274426C800ECB3B6 = {
						CreatedOnToolsVersion = 13.1;
					};
				};
			};
			buildConfigurationList = 2376A46D274426C700ECB3B6 /* Build configuration list for PBXProject "Nano7App" */;
			compatibilityVersion = "Xcode 13.0";
			developmentRegion = en;
			hasScannedForEncodings = 0;
			knownRegions = (
				en,
				Base,
			);
			mainGroup = 2376A469274426C700ECB3B6;
			productRefGroup = 2376A473274426C800ECB3B6 /* Products */;
			projectDirPath = "";
			projectRoot = "";
			targets = (
				2376A471274426C800ECB3B6 /* Nano7App */,
			);
		};
/* End PBXProject section */

/* Begin PBXResourcesBuildPhase section */
		2376A470274426C800ECB3B6 /* Resources */ = {
			isa = PBXResourcesBuildPhase;
			buildActionMask = 2147483647;
			files = (
				2376A485274426C900ECB3B6 /* LaunchScreen.storyboard in Resources */,
				2376A482274426C900ECB3B6 /* Assets.xcassets in Resources */,
			);
			runOnlyForDeploymentPostprocessing = 0;
		};
/* End PBXResourcesBuildPhase section */

/* Begin PBXSourcesBuildPhase section */
		2376A46E274426C800ECB3B6 /* Sources */ = {
			isa = PBXSourcesBuildPhase;
			buildActionMask = 2147483647;
			files = (
				6F40F08D2745977300F74258 /* ConfiguracaoView.swift in Sources */,
				2376A4992746D06900ECB3B6 /* Date+CurrentMillis.swift in Sources */,
				2376A4942746CFB800ECB3B6 /* Satellite.swift in Sources */,
				2376A47A274426C800ECB3B6 /* ViewController.swift in Sources */,
				6F40F088274582D600F74258 /* FavoritosViewController.swift in Sources */,
				2376A4962746D01000ECB3B6 /* IssLocation.swift in Sources */,
				2376A480274426C800ECB3B6 /* Nano7App.xcdatamodeld in Sources */,
				2376A48E2744354C00ECB3B6 /* IssAPI.swift in Sources */,
				6F40F08627457A3C00F74258 /* TabBar.swift in Sources */,
				2376A476274426C800ECB3B6 /* AppDelegate.swift in Sources */,
				6F40F08A2745832800F74258 /* ConfiguracaoViewController.swift in Sources */,
				2376A478274426C800ECB3B6 /* SceneDelegate.swift in Sources */,
			);
			runOnlyForDeploymentPostprocessing = 0;
		};
/* End PBXSourcesBuildPhase section */

/* Begin PBXVariantGroup section */
		2376A483274426C900ECB3B6 /* LaunchScreen.storyboard */ = {
			isa = PBXVariantGroup;
			children = (
				2376A484274426C900ECB3B6 /* Base */,
			);
			name = LaunchScreen.storyboard;
			sourceTree = "<group>";
		};
/* End PBXVariantGroup section */

/* Begin XCBuildConfiguration section */
		2376A487274426C900ECB3B6 /* Debug */ = {
			isa = XCBuildConfiguration;
			buildSettings = {
				ALWAYS_SEARCH_USER_PATHS = NO;
				CLANG_ANALYZER_NONNULL = YES;
				CLANG_ANALYZER_NUMBER_OBJECT_CONVERSION = YES_AGGRESSIVE;
				CLANG_CXX_LANGUAGE_STANDARD = "gnu++17";
				CLANG_CXX_LIBRARY = "libc++";
				CLANG_ENABLE_MODULES = YES;
				CLANG_ENABLE_OBJC_ARC = YES;
				CLANG_ENABLE_OBJC_WEAK = YES;
				CLANG_WARN_BLOCK_CAPTURE_AUTORELEASING = YES;
				CLANG_WARN_BOOL_CONVERSION = YES;
				CLANG_WARN_COMMA = YES;
				CLANG_WARN_CONSTANT_CONVERSION = YES;
				CLANG_WARN_DEPRECATED_OBJC_IMPLEMENTATIONS = YES;
				CLANG_WARN_DIRECT_OBJC_ISA_USAGE = YES_ERROR;
				CLANG_WARN_DOCUMENTATION_COMMENTS = YES;
				CLANG_WARN_EMPTY_BODY = YES;
				CLANG_WARN_ENUM_CONVERSION = YES;
				CLANG_WARN_INFINITE_RECURSION = YES;
				CLANG_WARN_INT_CONVERSION = YES;
				CLANG_WARN_NON_LITERAL_NULL_CONVERSION = YES;
				CLANG_WARN_OBJC_IMPLICIT_RETAIN_SELF = YES;
				CLANG_WARN_OBJC_LITERAL_CONVERSION = YES;
				CLANG_WARN_OBJC_ROOT_CLASS = YES_ERROR;
				CLANG_WARN_QUOTED_INCLUDE_IN_FRAMEWORK_HEADER = YES;
				CLANG_WARN_RANGE_LOOP_ANALYSIS = YES;
				CLANG_WARN_STRICT_PROTOTYPES = YES;
				CLANG_WARN_SUSPICIOUS_MOVE = YES;
				CLANG_WARN_UNGUARDED_AVAILABILITY = YES_AGGRESSIVE;
				CLANG_WARN_UNREACHABLE_CODE = YES;
				CLANG_WARN__DUPLICATE_METHOD_MATCH = YES;
				COPY_PHASE_STRIP = NO;
				DEBUG_INFORMATION_FORMAT = dwarf;
				ENABLE_STRICT_OBJC_MSGSEND = YES;
				ENABLE_TESTABILITY = YES;
				GCC_C_LANGUAGE_STANDARD = gnu11;
				GCC_DYNAMIC_NO_PIC = NO;
				GCC_NO_COMMON_BLOCKS = YES;
				GCC_OPTIMIZATION_LEVEL = 0;
				GCC_PREPROCESSOR_DEFINITIONS = (
					"DEBUG=1",
					"$(inherited)",
				);
				GCC_WARN_64_TO_32_BIT_CONVERSION = YES;
				GCC_WARN_ABOUT_RETURN_TYPE = YES_ERROR;
				GCC_WARN_UNDECLARED_SELECTOR = YES;
				GCC_WARN_UNINITIALIZED_AUTOS = YES_AGGRESSIVE;
				GCC_WARN_UNUSED_FUNCTION = YES;
				GCC_WARN_UNUSED_VARIABLE = YES;
				IPHONEOS_DEPLOYMENT_TARGET = 15.0;
				MTL_ENABLE_DEBUG_INFO = INCLUDE_SOURCE;
				MTL_FAST_MATH = YES;
				ONLY_ACTIVE_ARCH = YES;
				SDKROOT = iphoneos;
				SWIFT_ACTIVE_COMPILATION_CONDITIONS = DEBUG;
				SWIFT_OPTIMIZATION_LEVEL = "-Onone";
			};
			name = Debug;
		};
		2376A488274426C900ECB3B6 /* Release */ = {
			isa = XCBuildConfiguration;
			buildSettings = {
				ALWAYS_SEARCH_USER_PATHS = NO;
				CLANG_ANALYZER_NONNULL = YES;
				CLANG_ANALYZER_NUMBER_OBJECT_CONVERSION = YES_AGGRESSIVE;
				CLANG_CXX_LANGUAGE_STANDARD = "gnu++17";
				CLANG_CXX_LIBRARY = "libc++";
				CLANG_ENABLE_MODULES = YES;
				CLANG_ENABLE_OBJC_ARC = YES;
				CLANG_ENABLE_OBJC_WEAK = YES;
				CLANG_WARN_BLOCK_CAPTURE_AUTORELEASING = YES;
				CLANG_WARN_BOOL_CONVERSION = YES;
				CLANG_WARN_COMMA = YES;
				CLANG_WARN_CONSTANT_CONVERSION = YES;
				CLANG_WARN_DEPRECATED_OBJC_IMPLEMENTATIONS = YES;
				CLANG_WARN_DIRECT_OBJC_ISA_USAGE = YES_ERROR;
				CLANG_WARN_DOCUMENTATION_COMMENTS = YES;
				CLANG_WARN_EMPTY_BODY = YES;
				CLANG_WARN_ENUM_CONVERSION = YES;
				CLANG_WARN_INFINITE_RECURSION = YES;
				CLANG_WARN_INT_CONVERSION = YES;
				CLANG_WARN_NON_LITERAL_NULL_CONVERSION = YES;
				CLANG_WARN_OBJC_IMPLICIT_RETAIN_SELF = YES;
				CLANG_WARN_OBJC_LITERAL_CONVERSION = YES;
				CLANG_WARN_OBJC_ROOT_CLASS = YES_ERROR;
				CLANG_WARN_QUOTED_INCLUDE_IN_FRAMEWORK_HEADER = YES;
				CLANG_WARN_RANGE_LOOP_ANALYSIS = YES;
				CLANG_WARN_STRICT_PROTOTYPES = YES;
				CLANG_WARN_SUSPICIOUS_MOVE = YES;
				CLANG_WARN_UNGUARDED_AVAILABILITY = YES_AGGRESSIVE;
				CLANG_WARN_UNREACHABLE_CODE = YES;
				CLANG_WARN__DUPLICATE_METHOD_MATCH = YES;
				COPY_PHASE_STRIP = NO;
				DEBUG_INFORMATION_FORMAT = "dwarf-with-dsym";
				ENABLE_NS_ASSERTIONS = NO;
				ENABLE_STRICT_OBJC_MSGSEND = YES;
				GCC_C_LANGUAGE_STANDARD = gnu11;
				GCC_NO_COMMON_BLOCKS = YES;
				GCC_WARN_64_TO_32_BIT_CONVERSION = YES;
				GCC_WARN_ABOUT_RETURN_TYPE = YES_ERROR;
				GCC_WARN_UNDECLARED_SELECTOR = YES;
				GCC_WARN_UNINITIALIZED_AUTOS = YES_AGGRESSIVE;
				GCC_WARN_UNUSED_FUNCTION = YES;
				GCC_WARN_UNUSED_VARIABLE = YES;
				IPHONEOS_DEPLOYMENT_TARGET = 15.0;
				MTL_ENABLE_DEBUG_INFO = NO;
				MTL_FAST_MATH = YES;
				SDKROOT = iphoneos;
				SWIFT_COMPILATION_MODE = wholemodule;
				SWIFT_OPTIMIZATION_LEVEL = "-O";
				VALIDATE_PRODUCT = YES;
			};
			name = Release;
		};
		2376A48A274426C900ECB3B6 /* Debug */ = {
			isa = XCBuildConfiguration;
			buildSettings = {
				ASSETCATALOG_COMPILER_APPICON_NAME = AppIcon;
				ASSETCATALOG_COMPILER_GLOBAL_ACCENT_COLOR_NAME = AccentColor;
				CODE_SIGN_STYLE = Automatic;
				CURRENT_PROJECT_VERSION = 1;

				DEVELOPMENT_TEAM = MGFPJ5C76T;

				GENERATE_INFOPLIST_FILE = YES;
				INFOPLIST_FILE = Nano7App/Info.plist;
				INFOPLIST_KEY_NSLocationAlwaysAndWhenInUseUsageDescription = "Isso permite que você saiba sua localização em relação a ISS";
				INFOPLIST_KEY_NSLocationWhenInUseUsageDescription = "Isso permite que você saiba sua localização em relação a ISS";
				INFOPLIST_KEY_UIApplicationSupportsIndirectInputEvents = YES;
				INFOPLIST_KEY_UILaunchStoryboardName = LaunchScreen;
				INFOPLIST_KEY_UISupportedInterfaceOrientations = UIInterfaceOrientationPortrait;
				INFOPLIST_KEY_UISupportedInterfaceOrientations_iPad = "UIInterfaceOrientationPortrait UIInterfaceOrientationPortraitUpsideDown UIInterfaceOrientationLandscapeLeft UIInterfaceOrientationLandscapeRight";
				INFOPLIST_KEY_UISupportedInterfaceOrientations_iPhone = "UIInterfaceOrientationPortrait UIInterfaceOrientationLandscapeLeft UIInterfaceOrientationLandscapeRight";
				LD_RUNPATH_SEARCH_PATHS = (
					"$(inherited)",
					"@executable_path/Frameworks",
				);
				MARKETING_VERSION = 1.0;
				PRODUCT_BUNDLE_IDENTIFIER = nano7app.com.igorsilva.Nano7App;
				PRODUCT_NAME = "$(TARGET_NAME)";
				SWIFT_EMIT_LOC_STRINGS = YES;
				SWIFT_VERSION = 5.0;
				TARGETED_DEVICE_FAMILY = "1,2";
			};
			name = Debug;
		};
		2376A48B274426C900ECB3B6 /* Release */ = {
			isa = XCBuildConfiguration;
			buildSettings = {
				ASSETCATALOG_COMPILER_APPICON_NAME = AppIcon;
				ASSETCATALOG_COMPILER_GLOBAL_ACCENT_COLOR_NAME = AccentColor;
				CODE_SIGN_STYLE = Automatic;
				CURRENT_PROJECT_VERSION = 1;

				DEVELOPMENT_TEAM = MGFPJ5C76T;

				GENERATE_INFOPLIST_FILE = YES;
				INFOPLIST_FILE = Nano7App/Info.plist;
				INFOPLIST_KEY_NSLocationAlwaysAndWhenInUseUsageDescription = "Isso permite que você saiba sua localização em relação a ISS";
				INFOPLIST_KEY_NSLocationWhenInUseUsageDescription = "Isso permite que você saiba sua localização em relação a ISS";
				INFOPLIST_KEY_UIApplicationSupportsIndirectInputEvents = YES;
				INFOPLIST_KEY_UILaunchStoryboardName = LaunchScreen;
				INFOPLIST_KEY_UISupportedInterfaceOrientations = UIInterfaceOrientationPortrait;
				INFOPLIST_KEY_UISupportedInterfaceOrientations_iPad = "UIInterfaceOrientationPortrait UIInterfaceOrientationPortraitUpsideDown UIInterfaceOrientationLandscapeLeft UIInterfaceOrientationLandscapeRight";
				INFOPLIST_KEY_UISupportedInterfaceOrientations_iPhone = "UIInterfaceOrientationPortrait UIInterfaceOrientationLandscapeLeft UIInterfaceOrientationLandscapeRight";
				LD_RUNPATH_SEARCH_PATHS = (
					"$(inherited)",
					"@executable_path/Frameworks",
				);
				MARKETING_VERSION = 1.0;
				PRODUCT_BUNDLE_IDENTIFIER = nano7app.com.igorsilva.Nano7App;
				PRODUCT_NAME = "$(TARGET_NAME)";
				SWIFT_EMIT_LOC_STRINGS = YES;
				SWIFT_VERSION = 5.0;
				TARGETED_DEVICE_FAMILY = "1,2";
			};
			name = Release;
		};
/* End XCBuildConfiguration section */

/* Begin XCConfigurationList section */
		2376A46D274426C700ECB3B6 /* Build configuration list for PBXProject "Nano7App" */ = {
			isa = XCConfigurationList;
			buildConfigurations = (
				2376A487274426C900ECB3B6 /* Debug */,
				2376A488274426C900ECB3B6 /* Release */,
			);
			defaultConfigurationIsVisible = 0;
			defaultConfigurationName = Release;
		};
		2376A489274426C900ECB3B6 /* Build configuration list for PBXNativeTarget "Nano7App" */ = {
			isa = XCConfigurationList;
			buildConfigurations = (
				2376A48A274426C900ECB3B6 /* Debug */,
				2376A48B274426C900ECB3B6 /* Release */,
			);
			defaultConfigurationIsVisible = 0;
			defaultConfigurationName = Release;
		};
/* End XCConfigurationList section */

/* Begin XCVersionGroup section */
		2376A47E274426C800ECB3B6 /* Nano7App.xcdatamodeld */ = {
			isa = XCVersionGroup;
			children = (
				2376A47F274426C800ECB3B6 /* Nano7App.xcdatamodel */,
			);
			currentVersion = 2376A47F274426C800ECB3B6 /* Nano7App.xcdatamodel */;
			path = Nano7App.xcdatamodeld;
			sourceTree = "<group>";
			versionGroupType = wrapper.xcdatamodel;
		};
/* End XCVersionGroup section */
	};
	rootObject = 2376A46A274426C700ECB3B6 /* Project object */;
}
